
Microsoft Visual Studio Solution File, Format Version 12.00
# Visual Studio Version 17
VisualStudioVersion = 17.14.36310.24 d17.14
MinimumVisualStudioVersion = 10.0.40219.1
Project("{FAE04EC0-301F-11D3-BF4B-00C04F79EFBC}") = "MLYSO.Web", "MLYSO.Web.csproj", "{A68B2D03-3687-D3C3-46F7-2576468461B5}"
EndProject
Global
	GlobalSection(SolutionConfigurationPlatforms) = preSolution
		Debug|Any CPU = Debug|Any CPU
		Release|Any CPU = Release|Any CPU
	EndGlobalSection
	GlobalSection(ProjectConfigurationPlatforms) = postSolution
		{A68B2D03-3687-D3C3-46F7-2576468461B5}.Debug|Any CPU.ActiveCfg = Debug|Any CPU
		{A68B2D03-3687-D3C3-46F7-2576468461B5}.Debug|Any CPU.Build.0 = Debug|Any CPU
		{A68B2D03-3687-D3C3-46F7-2576468461B5}.Release|Any CPU.ActiveCfg = Release|Any CPU
		{A68B2D03-3687-D3C3-46F7-2576468461B5}.Release|Any CPU.Build.0 = Release|Any CPU
	EndGlobalSection
	GlobalSection(SolutionProperties) = preSolution
		HideSolutionNode = FALSE
	EndGlobalSection
	GlobalSection(ExtensibilityGlobals) = postSolution
		SolutionGuid = {5C71754E-D960-40DC-A699-EE31355EA285}
	EndGlobalSection
EndGlobal
